
Microsoft Visual Studio Solution File, Format Version 12.00
# Visual Studio Version 16
VisualStudioVersion = 16.0.30011.22
MinimumVisualStudioVersion = 10.0.40219.1
Project("{2150E333-8FDC-42A3-9474-1A3956D46DE8}") = "Microservices", "Microservices", "{D30E3E51-17C1-45AA-94C6-A4AFD5BD2B3A}"
EndProject
Project("{2150E333-8FDC-42A3-9474-1A3956D46DE8}") = "Domain", "Domain", "{B2B15795-48B2-4FE5-930F-E1BBFC7701FD}"
EndProject
Project("{2150E333-8FDC-42A3-9474-1A3956D46DE8}") = "Infra.Bus", "Infra.Bus", "{0B539017-8006-4486-BC11-D75876CFEC74}"
EndProject
Project("{2150E333-8FDC-42A3-9474-1A3956D46DE8}") = "Infra.Ioc", "Infra.Ioc", "{627C1116-7292-40C3-A3C0-39AECC5D6D6E}"
EndProject
Project("{2150E333-8FDC-42A3-9474-1A3956D46DE8}") = "Presentation", "Presentation", "{DD36D0FE-4517-48C0-AEDB-FF99A951FCB7}"
EndProject
Project("{9A19103F-16F7-4668-BE54-9A1E7A4F7556}") = "MicroRabbit.Domain.Core", "MicroRabbit.Domain.Core\MicroRabbit.Domain.Core.csproj", "{269BE60D-9E71-4DA9-94FA-E8E270D340B3}"
EndProject
Project("{9A19103F-16F7-4668-BE54-9A1E7A4F7556}") = "MicroRabbit.Infra.Bus", "MicroRabbit.Infra.Bus\MicroRabbit.Infra.Bus.csproj", "{C4EAABEB-3628-43BF-8877-8E95BBF8FE82}"
EndProject
Project("{9A19103F-16F7-4668-BE54-9A1E7A4F7556}") = "MicroRabbit.Infra.IoC", "MicroRabbit.Infra.IoC\MicroRabbit.Infra.IoC.csproj", "{DEB1BF35-303A-4A3E-88D3-9A90867B596B}"
EndProject
Project("{2150E333-8FDC-42A3-9474-1A3956D46DE8}") = "Banking", "Banking", "{C2686255-A97C-4D25-A380-F1262E93FB1B}"
EndProject
Project("{2150E333-8FDC-42A3-9474-1A3956D46DE8}") = "Api", "Api", "{FDF3EED2-976F-42DA-8E4C-0B91EC769DB8}"
EndProject
Project("{2150E333-8FDC-42A3-9474-1A3956D46DE8}") = "Domain", "Domain", "{E824B296-25CA-453B-B6CB-116C117B5A2C}"
EndProject
Project("{2150E333-8FDC-42A3-9474-1A3956D46DE8}") = "Application", "Application", "{4FA26FFD-C631-495C-8CAF-E046A1AEAA87}"
EndProject
Project("{2150E333-8FDC-42A3-9474-1A3956D46DE8}") = "Data", "Data", "{694DEB2C-00F8-41C0-AF15-8FA7EB9371EF}"
EndProject
Project("{9A19103F-16F7-4668-BE54-9A1E7A4F7556}") = "MicroRabbit.Banking.Api", "MicroRabbit.Banking.Api\MicroRabbit.Banking.Api.csproj", "{5937C16F-57C2-4F91-940C-AEF3272C7AA0}"
EndProject
Project("{9A19103F-16F7-4668-BE54-9A1E7A4F7556}") = "MicroRabbit.Bamking.Application", "MicroRabbit.Bamking.Application\MicroRabbit.Bamking.Application.csproj", "{6C915B56-085C-40A7-833C-F105BBDA2CFE}"
EndProject
Project("{9A19103F-16F7-4668-BE54-9A1E7A4F7556}") = "MicroRabbit.Banking.Data", "MicroRabbit.Banking.Data\MicroRabbit.Banking.Data.csproj", "{25E6B005-D8DE-4599-95D9-666663B09101}"
EndProject
Project("{9A19103F-16F7-4668-BE54-9A1E7A4F7556}") = "MicroRabbit.Banking.Domain", "MicroRabbit.Banking.Domain\MicroRabbit.Banking.Domain.csproj", "{CB946FD3-42EB-46C9-B3BE-4B56C02FFA3F}"
EndProject
Project("{2150E333-8FDC-42A3-9474-1A3956D46DE8}") = "Transfer", "Transfer", "{5EE9EEA2-4C05-4A45-B36B-9A9FE41337B6}"
EndProject
Project("{2150E333-8FDC-42A3-9474-1A3956D46DE8}") = "Api", "Api", "{02640CA2-D417-4F2C-AB81-75B00310BF00}"
EndProject
Project("{2150E333-8FDC-42A3-9474-1A3956D46DE8}") = "Application", "Application", "{41AC8660-9568-410C-AFEC-D819B619FA68}"
EndProject
Project("{2150E333-8FDC-42A3-9474-1A3956D46DE8}") = "Data", "Data", "{A62520CE-C3B3-4E1D-8589-B464A3778D19}"
EndProject
Project("{2150E333-8FDC-42A3-9474-1A3956D46DE8}") = "Domain", "Domain", "{8D1E874E-B1D1-4EA3-9479-7136124DB261}"
EndProject
Project("{9A19103F-16F7-4668-BE54-9A1E7A4F7556}") = "MicroRabbit.Transfer.Api", "MicroRabbit.Transfer.Api\MicroRabbit.Transfer.Api.csproj", "{E3015455-6D5F-476C-B737-8840AE4FED70}"
EndProject
Project("{9A19103F-16F7-4668-BE54-9A1E7A4F7556}") = "MicroRabbit.Transfer.Application", "MicroRabbit.Transfer.Application\MicroRabbit.Transfer.Application.csproj", "{AE2EBC41-7603-427F-A7DB-1E2417961974}"
EndProject
Project("{9A19103F-16F7-4668-BE54-9A1E7A4F7556}") = "MicroRabbit.Transfer.Domain", "MicroRabbit.Transfer.Domain\MicroRabbit.Transfer.Domain.csproj", "{15201A22-6D11-4501-A878-1804A30678DC}"
EndProject
Project("{9A19103F-16F7-4668-BE54-9A1E7A4F7556}") = "MicroRabbit.Transfer.Data", "MicroRabbit.Transfer.Data\MicroRabbit.Transfer.Data.csproj", "{CFDA8ACD-CEAC-4153-B5CB-F3830B0A2F59}"
EndProject
Project("{FAE04EC0-301F-11D3-BF4B-00C04F79EFBC}") = "MicroRabbit.MVC", "MicroRabbit.MVC\MicroRabbit.MVC.csproj", "{05BBDCC8-45A2-45F0-A3DF-0980FCEEA440}"
EndProject
Global
	GlobalSection(SolutionConfigurationPlatforms) = preSolution
		Debug|Any CPU = Debug|Any CPU
		Release|Any CPU = Release|Any CPU
	EndGlobalSection
	GlobalSection(ProjectConfigurationPlatforms) = postSolution
		{269BE60D-9E71-4DA9-94FA-E8E270D340B3}.Debug|Any CPU.ActiveCfg = Debug|Any CPU
		{269BE60D-9E71-4DA9-94FA-E8E270D340B3}.Debug|Any CPU.Build.0 = Debug|Any CPU
		{269BE60D-9E71-4DA9-94FA-E8E270D340B3}.Release|Any CPU.ActiveCfg = Release|Any CPU
		{269BE60D-9E71-4DA9-94FA-E8E270D340B3}.Release|Any CPU.Build.0 = Release|Any CPU
		{C4EAABEB-3628-43BF-8877-8E95BBF8FE82}.Debug|Any CPU.ActiveCfg = Debug|Any CPU
		{C4EAABEB-3628-43BF-8877-8E95BBF8FE82}.Debug|Any CPU.Build.0 = Debug|Any CPU
		{C4EAABEB-3628-43BF-8877-8E95BBF8FE82}.Release|Any CPU.ActiveCfg = Release|Any CPU
		{C4EAABEB-3628-43BF-8877-8E95BBF8FE82}.Release|Any CPU.Build.0 = Release|Any CPU
		{DEB1BF35-303A-4A3E-88D3-9A90867B596B}.Debug|Any CPU.ActiveCfg = Debug|Any CPU
		{DEB1BF35-303A-4A3E-88D3-9A90867B596B}.Debug|Any CPU.Build.0 = Debug|Any CPU
		{DEB1BF35-303A-4A3E-88D3-9A90867B596B}.Release|Any CPU.ActiveCfg = Release|Any CPU
		{DEB1BF35-303A-4A3E-88D3-9A90867B596B}.Release|Any CPU.Build.0 = Release|Any CPU
		{5937C16F-57C2-4F91-940C-AEF3272C7AA0}.Debug|Any CPU.ActiveCfg = Debug|Any CPU
		{5937C16F-57C2-4F91-940C-AEF3272C7AA0}.Debug|Any CPU.Build.0 = Debug|Any CPU
		{5937C16F-57C2-4F91-940C-AEF3272C7AA0}.Release|Any CPU.ActiveCfg = Release|Any CPU
		{5937C16F-57C2-4F91-940C-AEF3272C7AA0}.Release|Any CPU.Build.0 = Release|Any CPU
		{6C915B56-085C-40A7-833C-F105BBDA2CFE}.Debug|Any CPU.ActiveCfg = Debug|Any CPU
		{6C915B56-085C-40A7-833C-F105BBDA2CFE}.Debug|Any CPU.Build.0 = Debug|Any CPU
		{6C915B56-085C-40A7-833C-F105BBDA2CFE}.Release|Any CPU.ActiveCfg = Release|Any CPU
		{6C915B56-085C-40A7-833C-F105BBDA2CFE}.Release|Any CPU.Build.0 = Release|Any CPU
		{25E6B005-D8DE-4599-95D9-666663B09101}.Debug|Any CPU.ActiveCfg = Debug|Any CPU
		{25E6B005-D8DE-4599-95D9-666663B09101}.Debug|Any CPU.Build.0 = Debug|Any CPU
		{25E6B005-D8DE-4599-95D9-666663B09101}.Release|Any CPU.ActiveCfg = Release|Any CPU
		{25E6B005-D8DE-4599-95D9-666663B09101}.Release|Any CPU.Build.0 = Release|Any CPU
		{CB946FD3-42EB-46C9-B3BE-4B56C02FFA3F}.Debug|Any CPU.ActiveCfg = Debug|Any CPU
		{CB946FD3-42EB-46C9-B3BE-4B56C02FFA3F}.Debug|Any CPU.Build.0 = Debug|Any CPU
		{CB946FD3-42EB-46C9-B3BE-4B56C02FFA3F}.Release|Any CPU.ActiveCfg = Release|Any CPU
		{CB946FD3-42EB-46C9-B3BE-4B56C02FFA3F}.Release|Any CPU.Build.0 = Release|Any CPU
		{E3015455-6D5F-476C-B737-8840AE4FED70}.Debug|Any CPU.ActiveCfg = Debug|Any CPU
		{E3015455-6D5F-476C-B737-8840AE4FED70}.Debug|Any CPU.Build.0 = Debug|Any CPU
		{E3015455-6D5F-476C-B737-8840AE4FED70}.Release|Any CPU.ActiveCfg = Release|Any CPU
		{E3015455-6D5F-476C-B737-8840AE4FED70}.Release|Any CPU.Build.0 = Release|Any CPU
		{AE2EBC41-7603-427F-A7DB-1E2417961974}.Debug|Any CPU.ActiveCfg = Debug|Any CPU
		{AE2EBC41-7603-427F-A7DB-1E2417961974}.Debug|Any CPU.Build.0 = Debug|Any CPU
		{AE2EBC41-7603-427F-A7DB-1E2417961974}.Release|Any CPU.ActiveCfg = Release|Any CPU
		{AE2EBC41-7603-427F-A7DB-1E2417961974}.Release|Any CPU.Build.0 = Release|Any CPU
		{15201A22-6D11-4501-A878-1804A30678DC}.Debug|Any CPU.ActiveCfg = Debug|Any CPU
		{15201A22-6D11-4501-A878-1804A30678DC}.Debug|Any CPU.Build.0 = Debug|Any CPU
		{15201A22-6D11-4501-A878-1804A30678DC}.Release|Any CPU.ActiveCfg = Release|Any CPU
		{15201A22-6D11-4501-A878-1804A30678DC}.Release|Any CPU.Build.0 = Release|Any CPU
		{CFDA8ACD-CEAC-4153-B5CB-F3830B0A2F59}.Debug|Any CPU.ActiveCfg = Debug|Any CPU
		{CFDA8ACD-CEAC-4153-B5CB-F3830B0A2F59}.Debug|Any CPU.Build.0 = Debug|Any CPU
		{CFDA8ACD-CEAC-4153-B5CB-F3830B0A2F59}.Release|Any CPU.ActiveCfg = Release|Any CPU
		{CFDA8ACD-CEAC-4153-B5CB-F3830B0A2F59}.Release|Any CPU.Build.0 = Release|Any CPU
		{05BBDCC8-45A2-45F0-A3DF-0980FCEEA440}.Debug|Any CPU.ActiveCfg = Debug|Any CPU
		{05BBDCC8-45A2-45F0-A3DF-0980FCEEA440}.Debug|Any CPU.Build.0 = Debug|Any CPU
		{05BBDCC8-45A2-45F0-A3DF-0980FCEEA440}.Release|Any CPU.ActiveCfg = Release|Any CPU
		{05BBDCC8-45A2-45F0-A3DF-0980FCEEA440}.Release|Any CPU.Build.0 = Release|Any CPU
	EndGlobalSection
	GlobalSection(SolutionProperties) = preSolution
		HideSolutionNode = FALSE
	EndGlobalSection
	GlobalSection(NestedProjects) = preSolution
		{269BE60D-9E71-4DA9-94FA-E8E270D340B3} = {B2B15795-48B2-4FE5-930F-E1BBFC7701FD}
		{C4EAABEB-3628-43BF-8877-8E95BBF8FE82} = {0B539017-8006-4486-BC11-D75876CFEC74}
		{DEB1BF35-303A-4A3E-88D3-9A90867B596B} = {627C1116-7292-40C3-A3C0-39AECC5D6D6E}
		{C2686255-A97C-4D25-A380-F1262E93FB1B} = {D30E3E51-17C1-45AA-94C6-A4AFD5BD2B3A}
		{FDF3EED2-976F-42DA-8E4C-0B91EC769DB8} = {C2686255-A97C-4D25-A380-F1262E93FB1B}
		{E824B296-25CA-453B-B6CB-116C117B5A2C} = {C2686255-A97C-4D25-A380-F1262E93FB1B}
		{4FA26FFD-C631-495C-8CAF-E046A1AEAA87} = {C2686255-A97C-4D25-A380-F1262E93FB1B}
		{694DEB2C-00F8-41C0-AF15-8FA7EB9371EF} = {C2686255-A97C-4D25-A380-F1262E93FB1B}
		{5937C16F-57C2-4F91-940C-AEF3272C7AA0} = {FDF3EED2-976F-42DA-8E4C-0B91EC769DB8}
		{6C915B56-085C-40A7-833C-F105BBDA2CFE} = {4FA26FFD-C631-495C-8CAF-E046A1AEAA87}
		{25E6B005-D8DE-4599-95D9-666663B09101} = {694DEB2C-00F8-41C0-AF15-8FA7EB9371EF}
		{CB946FD3-42EB-46C9-B3BE-4B56C02FFA3F} = {E824B296-25CA-453B-B6CB-116C117B5A2C}
		{5EE9EEA2-4C05-4A45-B36B-9A9FE41337B6} = {D30E3E51-17C1-45AA-94C6-A4AFD5BD2B3A}
		{02640CA2-D417-4F2C-AB81-75B00310BF00} = {5EE9EEA2-4C05-4A45-B36B-9A9FE41337B6}
		{41AC8660-9568-410C-AFEC-D819B619FA68} = {5EE9EEA2-4C05-4A45-B36B-9A9FE41337B6}
		{A62520CE-C3B3-4E1D-8589-B464A3778D19} = {5EE9EEA2-4C05-4A45-B36B-9A9FE41337B6}
		{8D1E874E-B1D1-4EA3-9479-7136124DB261} = {5EE9EEA2-4C05-4A45-B36B-9A9FE41337B6}
		{E3015455-6D5F-476C-B737-8840AE4FED70} = {02640CA2-D417-4F2C-AB81-75B00310BF00}
		{AE2EBC41-7603-427F-A7DB-1E2417961974} = {41AC8660-9568-410C-AFEC-D819B619FA68}
		{15201A22-6D11-4501-A878-1804A30678DC} = {8D1E874E-B1D1-4EA3-9479-7136124DB261}
		{CFDA8ACD-CEAC-4153-B5CB-F3830B0A2F59} = {A62520CE-C3B3-4E1D-8589-B464A3778D19}
		{05BBDCC8-45A2-45F0-A3DF-0980FCEEA440} = {DD36D0FE-4517-48C0-AEDB-FF99A951FCB7}
	EndGlobalSection
	GlobalSection(ExtensibilityGlobals) = postSolution
		SolutionGuid = {0227E1F5-E4B1-4F75-9427-662896BF3558}
	EndGlobalSection
EndGlobal
